
Microsoft Visual Studio Solution File, Format Version 12.00
# Visual Studio Version 17
VisualStudioVersion = 17.7.34031.279
MinimumVisualStudioVersion = 10.0.40219.1
Project("{2150E333-8FDC-42A3-9474-1A3956D46DE8}") = "FanPage.Api", "FanPage.Api", "{88298184-736A-42C2-B348-C63E170C1A5E}"
EndProject
Project("{9A19103F-16F7-4668-BE54-9A1E7A4F7556}") = "FanPage.Api", "FanPage.Api\FanPage.Api.csproj", "{86CD0651-9709-415F-B5BC-857B6B917F7D}"
EndProject
Project("{2150E333-8FDC-42A3-9474-1A3956D46DE8}") = "FanPage.Application", "FanPage.Application", "{4B14E28A-7E23-4FEE-B792-A68373FDA61F}"
EndProject
Project("{2150E333-8FDC-42A3-9474-1A3956D46DE8}") = "FanPage.Domain", "FanPage.Domain", "{51173840-8B42-4458-9B66-4A1B65194450}"
EndProject
Project("{2150E333-8FDC-42A3-9474-1A3956D46DE8}") = "FanPage.Infrastructure", "FanPage.Infrastructure", "{6CB1EAD4-6896-4707-9500-35B7DB292972}"
EndProject
Project("{2150E333-8FDC-42A3-9474-1A3956D46DE8}") = "FanPage.Common", "FanPage.Common", "{53B709FE-098A-4CCE-A897-CAAFF78218AA}"
EndProject
Project("{9A19103F-16F7-4668-BE54-9A1E7A4F7556}") = "FanPage.Application", "FanPage.Application\FanPage.Application.csproj", "{B5987826-8EDD-40E2-A9CC-F1034F07C6E6}"
EndProject
Project("{9A19103F-16F7-4668-BE54-9A1E7A4F7556}") = "FanPage.Common", "FanPage.Common\FanPage.Common.csproj", "{6D23181F-BA0A-4D8C-BFD2-85B4A23AB0FC}"
EndProject
Project("{9A19103F-16F7-4668-BE54-9A1E7A4F7556}") = "FanPage.Infrastructure", "FanPage.Infrastructure\FanPage.Infrastructure.csproj", "{D7A3EE38-13FB-4B3A-A471-FA77E25828A9}"
EndProject
Project("{2150E333-8FDC-42A3-9474-1A3956D46DE8}") = "src", "src", "{ACC8F0C5-6DC2-4061-A549-342D9B5606CC}"
EndProject
Project("{2150E333-8FDC-42A3-9474-1A3956D46DE8}") = "FanPage.Exceptions", "FanPage.Exceptions", "{09C45F58-E080-43AB-8E85-E72FFEA88A24}"
EndProject
Project("{9A19103F-16F7-4668-BE54-9A1E7A4F7556}") = "FanPage.Exceptions", "FanPage.Exception\FanPage.Exceptions.csproj", "{2A3A8025-3365-4646-84CD-ECB9EFEAA62E}"
EndProject
Project("{2150E333-8FDC-42A3-9474-1A3956D46DE8}") = "FanPage.EmailService", "FanPage.EmailService", "{05E62DE0-C670-4E4D-BCD3-C469E68FFD94}"
EndProject
Project("{9A19103F-16F7-4668-BE54-9A1E7A4F7556}") = "FanPage.EmailService", "FanPage.EmailService\FanPage.EmailService.csproj", "{429BA6C6-9DC1-44C1-84E6-1245A6BB1E09}"
EndProject
Project("{FAE04EC0-301F-11D3-BF4B-00C04F79EFBC}") = "FanPage.Domain.Chat", "FanPage.Domain.Chat\FanPage.Domain.Chat.csproj", "{0B943F2D-A5FF-49A3-875D-16A2E8BB7CA5}"
EndProject
Project("{FAE04EC0-301F-11D3-BF4B-00C04F79EFBC}") = "FanPage.Domain.Account", "FanPage.Domain.Account\FanPage.Domain.Account.csproj", "{8BD8359A-361D-4C51-B1D7-2FAB30DC5E11}"
EndProject
Project("{FAE04EC0-301F-11D3-BF4B-00C04F79EFBC}") = "FanPage.Domain.Fanfic", "FanPage.Domain.Fanfic\FanPage.Domain.Fanfic.csproj", "{682337EA-9F58-4226-A487-59AFF3C50DB6}"
EndProject
Global
	GlobalSection(SolutionConfigurationPlatforms) = preSolution
		Debug|Any CPU = Debug|Any CPU
		Release|Any CPU = Release|Any CPU
	EndGlobalSection
	GlobalSection(ProjectConfigurationPlatforms) = postSolution
		{86CD0651-9709-415F-B5BC-857B6B917F7D}.Debug|Any CPU.ActiveCfg = Debug|Any CPU
		{86CD0651-9709-415F-B5BC-857B6B917F7D}.Debug|Any CPU.Build.0 = Debug|Any CPU
		{86CD0651-9709-415F-B5BC-857B6B917F7D}.Release|Any CPU.ActiveCfg = Release|Any CPU
		{86CD0651-9709-415F-B5BC-857B6B917F7D}.Release|Any CPU.Build.0 = Release|Any CPU
		{B5987826-8EDD-40E2-A9CC-F1034F07C6E6}.Debug|Any CPU.ActiveCfg = Debug|Any CPU
		{B5987826-8EDD-40E2-A9CC-F1034F07C6E6}.Debug|Any CPU.Build.0 = Debug|Any CPU
		{B5987826-8EDD-40E2-A9CC-F1034F07C6E6}.Release|Any CPU.ActiveCfg = Release|Any CPU
		{B5987826-8EDD-40E2-A9CC-F1034F07C6E6}.Release|Any CPU.Build.0 = Release|Any CPU
		{6D23181F-BA0A-4D8C-BFD2-85B4A23AB0FC}.Debug|Any CPU.ActiveCfg = Debug|Any CPU
		{6D23181F-BA0A-4D8C-BFD2-85B4A23AB0FC}.Debug|Any CPU.Build.0 = Debug|Any CPU
		{6D23181F-BA0A-4D8C-BFD2-85B4A23AB0FC}.Release|Any CPU.ActiveCfg = Release|Any CPU
		{6D23181F-BA0A-4D8C-BFD2-85B4A23AB0FC}.Release|Any CPU.Build.0 = Release|Any CPU
		{D7A3EE38-13FB-4B3A-A471-FA77E25828A9}.Debug|Any CPU.ActiveCfg = Debug|Any CPU
		{D7A3EE38-13FB-4B3A-A471-FA77E25828A9}.Debug|Any CPU.Build.0 = Debug|Any CPU
		{D7A3EE38-13FB-4B3A-A471-FA77E25828A9}.Release|Any CPU.ActiveCfg = Release|Any CPU
		{D7A3EE38-13FB-4B3A-A471-FA77E25828A9}.Release|Any CPU.Build.0 = Release|Any CPU
		{2A3A8025-3365-4646-84CD-ECB9EFEAA62E}.Debug|Any CPU.ActiveCfg = Debug|Any CPU
		{2A3A8025-3365-4646-84CD-ECB9EFEAA62E}.Debug|Any CPU.Build.0 = Debug|Any CPU
		{2A3A8025-3365-4646-84CD-ECB9EFEAA62E}.Release|Any CPU.ActiveCfg = Release|Any CPU
		{2A3A8025-3365-4646-84CD-ECB9EFEAA62E}.Release|Any CPU.Build.0 = Release|Any CPU
		{429BA6C6-9DC1-44C1-84E6-1245A6BB1E09}.Debug|Any CPU.ActiveCfg = Debug|Any CPU
		{429BA6C6-9DC1-44C1-84E6-1245A6BB1E09}.Debug|Any CPU.Build.0 = Debug|Any CPU
		{429BA6C6-9DC1-44C1-84E6-1245A6BB1E09}.Release|Any CPU.ActiveCfg = Release|Any CPU
		{429BA6C6-9DC1-44C1-84E6-1245A6BB1E09}.Release|Any CPU.Build.0 = Release|Any CPU
		{0B943F2D-A5FF-49A3-875D-16A2E8BB7CA5}.Debug|Any CPU.ActiveCfg = Debug|Any CPU
		{0B943F2D-A5FF-49A3-875D-16A2E8BB7CA5}.Debug|Any CPU.Build.0 = Debug|Any CPU
		{0B943F2D-A5FF-49A3-875D-16A2E8BB7CA5}.Release|Any CPU.ActiveCfg = Release|Any CPU
		{0B943F2D-A5FF-49A3-875D-16A2E8BB7CA5}.Release|Any CPU.Build.0 = Release|Any CPU
		{8BD8359A-361D-4C51-B1D7-2FAB30DC5E11}.Debug|Any CPU.ActiveCfg = Debug|Any CPU
		{8BD8359A-361D-4C51-B1D7-2FAB30DC5E11}.Debug|Any CPU.Build.0 = Debug|Any CPU
		{8BD8359A-361D-4C51-B1D7-2FAB30DC5E11}.Release|Any CPU.ActiveCfg = Release|Any CPU
		{8BD8359A-361D-4C51-B1D7-2FAB30DC5E11}.Release|Any CPU.Build.0 = Release|Any CPU
		{682337EA-9F58-4226-A487-59AFF3C50DB6}.Debug|Any CPU.ActiveCfg = Debug|Any CPU
		{682337EA-9F58-4226-A487-59AFF3C50DB6}.Debug|Any CPU.Build.0 = Debug|Any CPU
		{682337EA-9F58-4226-A487-59AFF3C50DB6}.Release|Any CPU.ActiveCfg = Release|Any CPU
		{682337EA-9F58-4226-A487-59AFF3C50DB6}.Release|Any CPU.Build.0 = Release|Any CPU
	EndGlobalSection
	GlobalSection(SolutionProperties) = preSolution
		HideSolutionNode = FALSE
	EndGlobalSection
	GlobalSection(NestedProjects) = preSolution
		{88298184-736A-42C2-B348-C63E170C1A5E} = {ACC8F0C5-6DC2-4061-A549-342D9B5606CC}
		{86CD0651-9709-415F-B5BC-857B6B917F7D} = {88298184-736A-42C2-B348-C63E170C1A5E}
		{4B14E28A-7E23-4FEE-B792-A68373FDA61F} = {ACC8F0C5-6DC2-4061-A549-342D9B5606CC}
		{51173840-8B42-4458-9B66-4A1B65194450} = {ACC8F0C5-6DC2-4061-A549-342D9B5606CC}
		{6CB1EAD4-6896-4707-9500-35B7DB292972} = {ACC8F0C5-6DC2-4061-A549-342D9B5606CC}
		{53B709FE-098A-4CCE-A897-CAAFF78218AA} = {ACC8F0C5-6DC2-4061-A549-342D9B5606CC}
		{B5987826-8EDD-40E2-A9CC-F1034F07C6E6} = {4B14E28A-7E23-4FEE-B792-A68373FDA61F}
		{6D23181F-BA0A-4D8C-BFD2-85B4A23AB0FC} = {53B709FE-098A-4CCE-A897-CAAFF78218AA}
		{D7A3EE38-13FB-4B3A-A471-FA77E25828A9} = {6CB1EAD4-6896-4707-9500-35B7DB292972}
		{09C45F58-E080-43AB-8E85-E72FFEA88A24} = {ACC8F0C5-6DC2-4061-A549-342D9B5606CC}
		{2A3A8025-3365-4646-84CD-ECB9EFEAA62E} = {09C45F58-E080-43AB-8E85-E72FFEA88A24}
		{05E62DE0-C670-4E4D-BCD3-C469E68FFD94} = {ACC8F0C5-6DC2-4061-A549-342D9B5606CC}
		{429BA6C6-9DC1-44C1-84E6-1245A6BB1E09} = {05E62DE0-C670-4E4D-BCD3-C469E68FFD94}
		{0B943F2D-A5FF-49A3-875D-16A2E8BB7CA5} = {51173840-8B42-4458-9B66-4A1B65194450}
		{8BD8359A-361D-4C51-B1D7-2FAB30DC5E11} = {51173840-8B42-4458-9B66-4A1B65194450}
		{682337EA-9F58-4226-A487-59AFF3C50DB6} = {51173840-8B42-4458-9B66-4A1B65194450}
	EndGlobalSection
	GlobalSection(ExtensibilityGlobals) = postSolution
		SolutionGuid = {60742B1C-B418-40D1-9E98-D511B1C7D0C6}
	EndGlobalSection
EndGlobal
